
Microsoft Visual Studio Solution File, Format Version 12.00
# Visual Studio Version 17
VisualStudioVersion = 17.2.32616.157
MinimumVisualStudioVersion = 10.0.40219.1
Project("{9A19103F-16F7-4668-BE54-9A1E7A4F7556}") = "M3u8Downloader_H", "M3u8Downloader_H\M3u8Downloader_H.csproj", "{ADDB5E61-E59B-4BF3-AD15-F1283F1EA7F5}"
EndProject
Project("{9A19103F-16F7-4668-BE54-9A1E7A4F7556}") = "M3u8Downloader_H.Settings", "SettingsManager\M3u8Downloader_H.Settings.csproj", "{CD94D388-9BF6-453E-9AD7-D330072F54AB}"
EndProject
Project("{9A19103F-16F7-4668-BE54-9A1E7A4F7556}") = "M3u8Downloader_H.Core", "M3u8Downloader_H.Core\M3u8Downloader_H.Core.csproj", "{6D90C959-D693-4567-9111-4468512E3950}"
EndProject
Project("{9A19103F-16F7-4668-BE54-9A1E7A4F7556}") = "M3u8Downloader_H.RestServer", "M3u8Downloader_h.RestServer\M3u8Downloader_H.RestServer.csproj", "{53A15C51-C1B4-40BC-BD57-B5248EC5813F}"
EndProject
Project("{9A19103F-16F7-4668-BE54-9A1E7A4F7556}") = "M3u8Downloader_H.M3U8", "M3u8Downloader_H.M3U8\M3u8Downloader_H.M3U8.csproj", "{1972C6AD-2720-401B-B546-0C752ADBC0E8}"
EndProject
Project("{9A19103F-16F7-4668-BE54-9A1E7A4F7556}") = "M3u8Downloader_H.Plugin", "M3u8Downloader_H.Plugin\M3u8Downloader_H.Plugin.csproj", "{73D64921-D4B5-45E9-9D32-D92584C41C45}"
EndProject
Project("{9A19103F-16F7-4668-BE54-9A1E7A4F7556}") = "M3u8Downloader_H.Common", "M3u8Downloader_H.Common\M3u8Downloader_H.Common.csproj", "{51AA459A-36C9-440A-9734-990EF5E26E24}"
EndProject
Project("{9A19103F-16F7-4668-BE54-9A1E7A4F7556}") = "M3u8Downloader_H.M3U8.AttributeReader", "M3u8Downloader_H.M3U8.AttributeReader\M3u8Downloader_H.M3U8.AttributeReader.csproj", "{CCB3C5E8-D398-459D-ADD8-EA5DCBF5F660}"
EndProject
Project("{9A19103F-16F7-4668-BE54-9A1E7A4F7556}") = "M3u8Downloader_H.Plugin.Abstractions", "M3u8Downloader_H.Plugin.Abstractions\M3u8Downloader_H.Plugin.Abstractions.csproj", "{2044E0FB-43D0-4FA0-B589-F23C904CE6C9}"
EndProject
Project("{9A19103F-16F7-4668-BE54-9A1E7A4F7556}") = "M3u8Downloader_H.Test", "M3u8Downloader_H.Test\M3u8Downloader_H.Test.csproj", "{224B2D03-394B-4C9A-B05F-856C5EF67F29}"
EndProject
Project("{9A19103F-16F7-4668-BE54-9A1E7A4F7556}") = "M3u8Downloader_H.Downloader", "M3u8Downloader_H.Downloader\M3u8Downloader_H.Downloader.csproj", "{4123AC3C-F4B0-4C28-BB6E-BC5BA1BDC3C3}"
EndProject
Project("{9A19103F-16F7-4668-BE54-9A1E7A4F7556}") = "M3u8Downloader_H.Combiners", "M3u8Downloader_H.Combiners\M3u8Downloader_H.Combiners.csproj", "{65D15D78-DF6C-4486-BE65-45676135B520}"
EndProject
Global
	GlobalSection(SolutionConfigurationPlatforms) = preSolution
		Debug|Any CPU = Debug|Any CPU
		Debug|x64 = Debug|x64
		Debug|x86 = Debug|x86
		Release|Any CPU = Release|Any CPU
		Release|x64 = Release|x64
		Release|x86 = Release|x86
	EndGlobalSection
	GlobalSection(ProjectConfigurationPlatforms) = postSolution
		{ADDB5E61-E59B-4BF3-AD15-F1283F1EA7F5}.Debug|Any CPU.ActiveCfg = Debug|Any CPU
		{ADDB5E61-E59B-4BF3-AD15-F1283F1EA7F5}.Debug|Any CPU.Build.0 = Debug|Any CPU
		{ADDB5E61-E59B-4BF3-AD15-F1283F1EA7F5}.Debug|x64.ActiveCfg = Debug|x64
		{ADDB5E61-E59B-4BF3-AD15-F1283F1EA7F5}.Debug|x64.Build.0 = Debug|x64
		{ADDB5E61-E59B-4BF3-AD15-F1283F1EA7F5}.Debug|x86.ActiveCfg = Debug|Any CPU
		{ADDB5E61-E59B-4BF3-AD15-F1283F1EA7F5}.Debug|x86.Build.0 = Debug|Any CPU
		{ADDB5E61-E59B-4BF3-AD15-F1283F1EA7F5}.Release|Any CPU.ActiveCfg = Release|Any CPU
		{ADDB5E61-E59B-4BF3-AD15-F1283F1EA7F5}.Release|Any CPU.Build.0 = Release|Any CPU
		{ADDB5E61-E59B-4BF3-AD15-F1283F1EA7F5}.Release|x64.ActiveCfg = Release|x64
		{ADDB5E61-E59B-4BF3-AD15-F1283F1EA7F5}.Release|x64.Build.0 = Release|x64
		{ADDB5E61-E59B-4BF3-AD15-F1283F1EA7F5}.Release|x86.ActiveCfg = Release|Any CPU
		{ADDB5E61-E59B-4BF3-AD15-F1283F1EA7F5}.Release|x86.Build.0 = Release|Any CPU
		{CD94D388-9BF6-453E-9AD7-D330072F54AB}.Debug|Any CPU.ActiveCfg = Debug|Any CPU
		{CD94D388-9BF6-453E-9AD7-D330072F54AB}.Debug|Any CPU.Build.0 = Debug|Any CPU
		{CD94D388-9BF6-453E-9AD7-D330072F54AB}.Debug|x64.ActiveCfg = Debug|Any CPU
		{CD94D388-9BF6-453E-9AD7-D330072F54AB}.Debug|x64.Build.0 = Debug|Any CPU
		{CD94D388-9BF6-453E-9AD7-D330072F54AB}.Debug|x86.ActiveCfg = Debug|Any CPU
		{CD94D388-9BF6-453E-9AD7-D330072F54AB}.Debug|x86.Build.0 = Debug|Any CPU
		{CD94D388-9BF6-453E-9AD7-D330072F54AB}.Release|Any CPU.ActiveCfg = Release|Any CPU
		{CD94D388-9BF6-453E-9AD7-D330072F54AB}.Release|Any CPU.Build.0 = Release|Any CPU
		{CD94D388-9BF6-453E-9AD7-D330072F54AB}.Release|x64.ActiveCfg = Release|Any CPU
		{CD94D388-9BF6-453E-9AD7-D330072F54AB}.Release|x64.Build.0 = Release|Any CPU
		{CD94D388-9BF6-453E-9AD7-D330072F54AB}.Release|x86.ActiveCfg = Release|Any CPU
		{CD94D388-9BF6-453E-9AD7-D330072F54AB}.Release|x86.Build.0 = Release|Any CPU
		{6D90C959-D693-4567-9111-4468512E3950}.Debug|Any CPU.ActiveCfg = Debug|Any CPU
		{6D90C959-D693-4567-9111-4468512E3950}.Debug|Any CPU.Build.0 = Debug|Any CPU
		{6D90C959-D693-4567-9111-4468512E3950}.Debug|x64.ActiveCfg = Debug|Any CPU
		{6D90C959-D693-4567-9111-4468512E3950}.Debug|x64.Build.0 = Debug|Any CPU
		{6D90C959-D693-4567-9111-4468512E3950}.Debug|x86.ActiveCfg = Debug|Any CPU
		{6D90C959-D693-4567-9111-4468512E3950}.Debug|x86.Build.0 = Debug|Any CPU
		{6D90C959-D693-4567-9111-4468512E3950}.Release|Any CPU.ActiveCfg = Release|Any CPU
		{6D90C959-D693-4567-9111-4468512E3950}.Release|Any CPU.Build.0 = Release|Any CPU
		{6D90C959-D693-4567-9111-4468512E3950}.Release|x64.ActiveCfg = Release|Any CPU
		{6D90C959-D693-4567-9111-4468512E3950}.Release|x64.Build.0 = Release|Any CPU
		{6D90C959-D693-4567-9111-4468512E3950}.Release|x86.ActiveCfg = Release|Any CPU
		{6D90C959-D693-4567-9111-4468512E3950}.Release|x86.Build.0 = Release|Any CPU
		{53A15C51-C1B4-40BC-BD57-B5248EC5813F}.Debug|Any CPU.ActiveCfg = Debug|Any CPU
		{53A15C51-C1B4-40BC-BD57-B5248EC5813F}.Debug|Any CPU.Build.0 = Debug|Any CPU
		{53A15C51-C1B4-40BC-BD57-B5248EC5813F}.Debug|x64.ActiveCfg = Debug|Any CPU
		{53A15C51-C1B4-40BC-BD57-B5248EC5813F}.Debug|x64.Build.0 = Debug|Any CPU
		{53A15C51-C1B4-40BC-BD57-B5248EC5813F}.Debug|x86.ActiveCfg = Debug|Any CPU
		{53A15C51-C1B4-40BC-BD57-B5248EC5813F}.Debug|x86.Build.0 = Debug|Any CPU
		{53A15C51-C1B4-40BC-BD57-B5248EC5813F}.Release|Any CPU.ActiveCfg = Release|Any CPU
		{53A15C51-C1B4-40BC-BD57-B5248EC5813F}.Release|Any CPU.Build.0 = Release|Any CPU
		{53A15C51-C1B4-40BC-BD57-B5248EC5813F}.Release|x64.ActiveCfg = Release|Any CPU
		{53A15C51-C1B4-40BC-BD57-B5248EC5813F}.Release|x64.Build.0 = Release|Any CPU
		{53A15C51-C1B4-40BC-BD57-B5248EC5813F}.Release|x86.ActiveCfg = Release|Any CPU
		{53A15C51-C1B4-40BC-BD57-B5248EC5813F}.Release|x86.Build.0 = Release|Any CPU
		{1972C6AD-2720-401B-B546-0C752ADBC0E8}.Debug|Any CPU.ActiveCfg = Debug|Any CPU
		{1972C6AD-2720-401B-B546-0C752ADBC0E8}.Debug|Any CPU.Build.0 = Debug|Any CPU
		{1972C6AD-2720-401B-B546-0C752ADBC0E8}.Debug|x64.ActiveCfg = Debug|Any CPU
		{1972C6AD-2720-401B-B546-0C752ADBC0E8}.Debug|x64.Build.0 = Debug|Any CPU
		{1972C6AD-2720-401B-B546-0C752ADBC0E8}.Debug|x86.ActiveCfg = Debug|Any CPU
		{1972C6AD-2720-401B-B546-0C752ADBC0E8}.Debug|x86.Build.0 = Debug|Any CPU
		{1972C6AD-2720-401B-B546-0C752ADBC0E8}.Release|Any CPU.ActiveCfg = Release|Any CPU
		{1972C6AD-2720-401B-B546-0C752ADBC0E8}.Release|Any CPU.Build.0 = Release|Any CPU
		{1972C6AD-2720-401B-B546-0C752ADBC0E8}.Release|x64.ActiveCfg = Release|Any CPU
		{1972C6AD-2720-401B-B546-0C752ADBC0E8}.Release|x64.Build.0 = Release|Any CPU
		{1972C6AD-2720-401B-B546-0C752ADBC0E8}.Release|x86.ActiveCfg = Release|Any CPU
		{1972C6AD-2720-401B-B546-0C752ADBC0E8}.Release|x86.Build.0 = Release|Any CPU
		{73D64921-D4B5-45E9-9D32-D92584C41C45}.Debug|Any CPU.ActiveCfg = Debug|Any CPU
		{73D64921-D4B5-45E9-9D32-D92584C41C45}.Debug|Any CPU.Build.0 = Debug|Any CPU
		{73D64921-D4B5-45E9-9D32-D92584C41C45}.Debug|x64.ActiveCfg = Debug|Any CPU
		{73D64921-D4B5-45E9-9D32-D92584C41C45}.Debug|x64.Build.0 = Debug|Any CPU
		{73D64921-D4B5-45E9-9D32-D92584C41C45}.Debug|x86.ActiveCfg = Debug|Any CPU
		{73D64921-D4B5-45E9-9D32-D92584C41C45}.Debug|x86.Build.0 = Debug|Any CPU
		{73D64921-D4B5-45E9-9D32-D92584C41C45}.Release|Any CPU.ActiveCfg = Release|Any CPU
		{73D64921-D4B5-45E9-9D32-D92584C41C45}.Release|Any CPU.Build.0 = Release|Any CPU
		{73D64921-D4B5-45E9-9D32-D92584C41C45}.Release|x64.ActiveCfg = Release|Any CPU
		{73D64921-D4B5-45E9-9D32-D92584C41C45}.Release|x64.Build.0 = Release|Any CPU
		{73D64921-D4B5-45E9-9D32-D92584C41C45}.Release|x86.ActiveCfg = Release|Any CPU
		{73D64921-D4B5-45E9-9D32-D92584C41C45}.Release|x86.Build.0 = Release|Any CPU
		{51AA459A-36C9-440A-9734-990EF5E26E24}.Debug|Any CPU.ActiveCfg = Debug|Any CPU
		{51AA459A-36C9-440A-9734-990EF5E26E24}.Debug|Any CPU.Build.0 = Debug|Any CPU
		{51AA459A-36C9-440A-9734-990EF5E26E24}.Debug|x64.ActiveCfg = Debug|Any CPU
		{51AA459A-36C9-440A-9734-990EF5E26E24}.Debug|x64.Build.0 = Debug|Any CPU
		{51AA459A-36C9-440A-9734-990EF5E26E24}.Debug|x86.ActiveCfg = Debug|Any CPU
		{51AA459A-36C9-440A-9734-990EF5E26E24}.Debug|x86.Build.0 = Debug|Any CPU
		{51AA459A-36C9-440A-9734-990EF5E26E24}.Release|Any CPU.ActiveCfg = Release|Any CPU
		{51AA459A-36C9-440A-9734-990EF5E26E24}.Release|Any CPU.Build.0 = Release|Any CPU
		{51AA459A-36C9-440A-9734-990EF5E26E24}.Release|x64.ActiveCfg = Release|Any CPU
		{51AA459A-36C9-440A-9734-990EF5E26E24}.Release|x64.Build.0 = Release|Any CPU
		{51AA459A-36C9-440A-9734-990EF5E26E24}.Release|x86.ActiveCfg = Release|Any CPU
		{51AA459A-36C9-440A-9734-990EF5E26E24}.Release|x86.Build.0 = Release|Any CPU
		{CCB3C5E8-D398-459D-ADD8-EA5DCBF5F660}.Debug|Any CPU.ActiveCfg = Debug|Any CPU
		{CCB3C5E8-D398-459D-ADD8-EA5DCBF5F660}.Debug|Any CPU.Build.0 = Debug|Any CPU
		{CCB3C5E8-D398-459D-ADD8-EA5DCBF5F660}.Debug|x64.ActiveCfg = Debug|Any CPU
		{CCB3C5E8-D398-459D-ADD8-EA5DCBF5F660}.Debug|x64.Build.0 = Debug|Any CPU
		{CCB3C5E8-D398-459D-ADD8-EA5DCBF5F660}.Debug|x86.ActiveCfg = Debug|Any CPU
		{CCB3C5E8-D398-459D-ADD8-EA5DCBF5F660}.Debug|x86.Build.0 = Debug|Any CPU
		{CCB3C5E8-D398-459D-ADD8-EA5DCBF5F660}.Release|Any CPU.ActiveCfg = Release|Any CPU
		{CCB3C5E8-D398-459D-ADD8-EA5DCBF5F660}.Release|Any CPU.Build.0 = Release|Any CPU
		{CCB3C5E8-D398-459D-ADD8-EA5DCBF5F660}.Release|x64.ActiveCfg = Release|Any CPU
		{CCB3C5E8-D398-459D-ADD8-EA5DCBF5F660}.Release|x64.Build.0 = Release|Any CPU
		{CCB3C5E8-D398-459D-ADD8-EA5DCBF5F660}.Release|x86.ActiveCfg = Release|Any CPU
		{CCB3C5E8-D398-459D-ADD8-EA5DCBF5F660}.Release|x86.Build.0 = Release|Any CPU
		{2044E0FB-43D0-4FA0-B589-F23C904CE6C9}.Debug|Any CPU.ActiveCfg = Debug|Any CPU
		{2044E0FB-43D0-4FA0-B589-F23C904CE6C9}.Debug|Any CPU.Build.0 = Debug|Any CPU
		{2044E0FB-43D0-4FA0-B589-F23C904CE6C9}.Debug|x64.ActiveCfg = Debug|Any CPU
		{2044E0FB-43D0-4FA0-B589-F23C904CE6C9}.Debug|x64.Build.0 = Debug|Any CPU
		{2044E0FB-43D0-4FA0-B589-F23C904CE6C9}.Debug|x86.ActiveCfg = Debug|Any CPU
		{2044E0FB-43D0-4FA0-B589-F23C904CE6C9}.Debug|x86.Build.0 = Debug|Any CPU
		{2044E0FB-43D0-4FA0-B589-F23C904CE6C9}.Release|Any CPU.ActiveCfg = Release|Any CPU
		{2044E0FB-43D0-4FA0-B589-F23C904CE6C9}.Release|Any CPU.Build.0 = Release|Any CPU
		{2044E0FB-43D0-4FA0-B589-F23C904CE6C9}.Release|x64.ActiveCfg = Release|Any CPU
		{2044E0FB-43D0-4FA0-B589-F23C904CE6C9}.Release|x64.Build.0 = Release|Any CPU
		{2044E0FB-43D0-4FA0-B589-F23C904CE6C9}.Release|x86.ActiveCfg = Release|Any CPU
		{2044E0FB-43D0-4FA0-B589-F23C904CE6C9}.Release|x86.Build.0 = Release|Any CPU
		{224B2D03-394B-4C9A-B05F-856C5EF67F29}.Debug|Any CPU.ActiveCfg = Debug|Any CPU
		{224B2D03-394B-4C9A-B05F-856C5EF67F29}.Debug|Any CPU.Build.0 = Debug|Any CPU
		{224B2D03-394B-4C9A-B05F-856C5EF67F29}.Debug|x64.ActiveCfg = Debug|Any CPU
		{224B2D03-394B-4C9A-B05F-856C5EF67F29}.Debug|x64.Build.0 = Debug|Any CPU
		{224B2D03-394B-4C9A-B05F-856C5EF67F29}.Debug|x86.ActiveCfg = Debug|Any CPU
		{224B2D03-394B-4C9A-B05F-856C5EF67F29}.Debug|x86.Build.0 = Debug|Any CPU
		{224B2D03-394B-4C9A-B05F-856C5EF67F29}.Release|Any CPU.ActiveCfg = Release|Any CPU
		{224B2D03-394B-4C9A-B05F-856C5EF67F29}.Release|Any CPU.Build.0 = Release|Any CPU
		{224B2D03-394B-4C9A-B05F-856C5EF67F29}.Release|x64.ActiveCfg = Release|Any CPU
		{224B2D03-394B-4C9A-B05F-856C5EF67F29}.Release|x64.Build.0 = Release|Any CPU
		{224B2D03-394B-4C9A-B05F-856C5EF67F29}.Release|x86.ActiveCfg = Release|Any CPU
		{224B2D03-394B-4C9A-B05F-856C5EF67F29}.Release|x86.Build.0 = Release|Any CPU
		{4123AC3C-F4B0-4C28-BB6E-BC5BA1BDC3C3}.Debug|Any CPU.ActiveCfg = Debug|Any CPU
		{4123AC3C-F4B0-4C28-BB6E-BC5BA1BDC3C3}.Debug|Any CPU.Build.0 = Debug|Any CPU
		{4123AC3C-F4B0-4C28-BB6E-BC5BA1BDC3C3}.Debug|x64.ActiveCfg = Debug|Any CPU
		{4123AC3C-F4B0-4C28-BB6E-BC5BA1BDC3C3}.Debug|x64.Build.0 = Debug|Any CPU
		{4123AC3C-F4B0-4C28-BB6E-BC5BA1BDC3C3}.Debug|x86.ActiveCfg = Debug|Any CPU
		{4123AC3C-F4B0-4C28-BB6E-BC5BA1BDC3C3}.Debug|x86.Build.0 = Debug|Any CPU
		{4123AC3C-F4B0-4C28-BB6E-BC5BA1BDC3C3}.Release|Any CPU.ActiveCfg = Release|Any CPU
		{4123AC3C-F4B0-4C28-BB6E-BC5BA1BDC3C3}.Release|Any CPU.Build.0 = Release|Any CPU
		{4123AC3C-F4B0-4C28-BB6E-BC5BA1BDC3C3}.Release|x64.ActiveCfg = Release|Any CPU
		{4123AC3C-F4B0-4C28-BB6E-BC5BA1BDC3C3}.Release|x64.Build.0 = Release|Any CPU
		{4123AC3C-F4B0-4C28-BB6E-BC5BA1BDC3C3}.Release|x86.ActiveCfg = Release|Any CPU
		{4123AC3C-F4B0-4C28-BB6E-BC5BA1BDC3C3}.Release|x86.Build.0 = Release|Any CPU
		{65D15D78-DF6C-4486-BE65-45676135B520}.Debug|Any CPU.ActiveCfg = Debug|Any CPU
		{65D15D78-DF6C-4486-BE65-45676135B520}.Debug|Any CPU.Build.0 = Debug|Any CPU
		{65D15D78-DF6C-4486-BE65-45676135B520}.Debug|x64.ActiveCfg = Debug|Any CPU
		{65D15D78-DF6C-4486-BE65-45676135B520}.Debug|x64.Build.0 = Debug|Any CPU
		{65D15D78-DF6C-4486-BE65-45676135B520}.Debug|x86.ActiveCfg = Debug|Any CPU
		{65D15D78-DF6C-4486-BE65-45676135B520}.Debug|x86.Build.0 = Debug|Any CPU
		{65D15D78-DF6C-4486-BE65-45676135B520}.Release|Any CPU.ActiveCfg = Release|Any CPU
		{65D15D78-DF6C-4486-BE65-45676135B520}.Release|Any CPU.Build.0 = Release|Any CPU
		{65D15D78-DF6C-4486-BE65-45676135B520}.Release|x64.ActiveCfg = Release|Any CPU
		{65D15D78-DF6C-4486-BE65-45676135B520}.Release|x64.Build.0 = Release|Any CPU
		{65D15D78-DF6C-4486-BE65-45676135B520}.Release|x86.ActiveCfg = Release|Any CPU
		{65D15D78-DF6C-4486-BE65-45676135B520}.Release|x86.Build.0 = Release|Any CPU
	EndGlobalSection
	GlobalSection(SolutionProperties) = preSolution
		HideSolutionNode = FALSE
	EndGlobalSection
	GlobalSection(ExtensibilityGlobals) = postSolution
		SolutionGuid = {0C6E7073-BBF5-42E3-923E-C4B4425AB833}
	EndGlobalSection
EndGlobal
